
Microsoft Visual Studio Solution File, Format Version 12.00
# Visual Studio Version 16
VisualStudioVersion = 16.0.33423.256
MinimumVisualStudioVersion = 10.0.40219.1
Project("{FAE04EC0-301F-11D3-BF4B-00C04F79EFBC}") = "ForQualityPoint", "ForQualityPoint\ForQualityPoint.csproj", "{5ABB0A57-E1FB-441F-ABCF-EBE3E8D6E290}"
EndProject
Global
	GlobalSection(SolutionConfigurationPlatforms) = preSolution
		Debug|Any CPU = Debug|Any CPU
		Release|Any CPU = Release|Any CPU
	EndGlobalSection
	GlobalSection(ProjectConfigurationPlatforms) = postSolution
		{5ABB0A57-E1FB-441F-ABCF-EBE3E8D6E290}.Debug|Any CPU.ActiveCfg = Debug|Any CPU
		{5ABB0A57-E1FB-441F-ABCF-EBE3E8D6E290}.Debug|Any CPU.Build.0 = Debug|Any CPU
		{5ABB0A57-E1FB-441F-ABCF-EBE3E8D6E290}.Release|Any CPU.ActiveCfg = Release|Any CPU
		{5ABB0A57-E1FB-441F-ABCF-EBE3E8D6E290}.Release|Any CPU.Build.0 = Release|Any CPU
	EndGlobalSection
	GlobalSection(SolutionProperties) = preSolution
		HideSolutionNode = FALSE
	EndGlobalSection
	GlobalSection(ExtensibilityGlobals) = postSolution
		SolutionGuid = {A12A4FFF-1597-4D48-B2BD-9ECA1449B394}
	EndGlobalSection
EndGlobal
